
Microsoft Visual Studio Solution File, Format Version 12.00
# Visual Studio Version 16
VisualStudioVersion = 16.0.29318.209
MinimumVisualStudioVersion = 10.0.40219.1
Project("{FAE04EC0-301F-11D3-BF4B-00C04F79EFBC}") = "WPFPokedex", "WPFPokedex\WPFPokedex.csproj", "{3AF87551-C73E-4FE1-9AB9-63B0FB2D2BE3}"
EndProject
Project("{FAE04EC0-301F-11D3-BF4B-00C04F79EFBC}") = "PokedexAccessLayer", "PokedexAccessLayer\PokedexAccessLayer.csproj", "{5CC559AB-6C86-416A-A111-0C69B179843A}"
EndProject
Project("{FAE04EC0-301F-11D3-BF4B-00C04F79EFBC}") = "PokedexLogicLayer", "PokedexLogicLayer\PokedexLogicLayer.csproj", "{6A6CD445-8C8D-42AC-88C6-AAA1FB730A19}"
EndProject
Project("{FAE04EC0-301F-11D3-BF4B-00C04F79EFBC}") = "PokedexDataObjects", "PokedexDataObjects\PokedexDataObjects.csproj", "{4C7C480C-B5C4-49ED-9634-38CD27CBA334}"
EndProject
Project("{9A19103F-16F7-4668-BE54-9A1E7A4F7556}") = "PokedexAppTest", "PokedexAppTest\PokedexAppTest.csproj", "{EAEC64F2-4D83-497B-92E2-AB32A700FC5B}"
EndProject
Global
	GlobalSection(SolutionConfigurationPlatforms) = preSolution
		Debug|Any CPU = Debug|Any CPU
		Release|Any CPU = Release|Any CPU
	EndGlobalSection
	GlobalSection(ProjectConfigurationPlatforms) = postSolution
		{3AF87551-C73E-4FE1-9AB9-63B0FB2D2BE3}.Debug|Any CPU.ActiveCfg = Debug|Any CPU
		{3AF87551-C73E-4FE1-9AB9-63B0FB2D2BE3}.Debug|Any CPU.Build.0 = Debug|Any CPU
		{3AF87551-C73E-4FE1-9AB9-63B0FB2D2BE3}.Release|Any CPU.ActiveCfg = Release|Any CPU
		{3AF87551-C73E-4FE1-9AB9-63B0FB2D2BE3}.Release|Any CPU.Build.0 = Release|Any CPU
		{5CC559AB-6C86-416A-A111-0C69B179843A}.Debug|Any CPU.ActiveCfg = Debug|Any CPU
		{5CC559AB-6C86-416A-A111-0C69B179843A}.Debug|Any CPU.Build.0 = Debug|Any CPU
		{5CC559AB-6C86-416A-A111-0C69B179843A}.Release|Any CPU.ActiveCfg = Release|Any CPU
		{5CC559AB-6C86-416A-A111-0C69B179843A}.Release|Any CPU.Build.0 = Release|Any CPU
		{6A6CD445-8C8D-42AC-88C6-AAA1FB730A19}.Debug|Any CPU.ActiveCfg = Debug|Any CPU
		{6A6CD445-8C8D-42AC-88C6-AAA1FB730A19}.Debug|Any CPU.Build.0 = Debug|Any CPU
		{6A6CD445-8C8D-42AC-88C6-AAA1FB730A19}.Release|Any CPU.ActiveCfg = Release|Any CPU
		{6A6CD445-8C8D-42AC-88C6-AAA1FB730A19}.Release|Any CPU.Build.0 = Release|Any CPU
		{4C7C480C-B5C4-49ED-9634-38CD27CBA334}.Debug|Any CPU.ActiveCfg = Debug|Any CPU
		{4C7C480C-B5C4-49ED-9634-38CD27CBA334}.Debug|Any CPU.Build.0 = Debug|Any CPU
		{4C7C480C-B5C4-49ED-9634-38CD27CBA334}.Release|Any CPU.ActiveCfg = Release|Any CPU
		{4C7C480C-B5C4-49ED-9634-38CD27CBA334}.Release|Any CPU.Build.0 = Release|Any CPU
		{EAEC64F2-4D83-497B-92E2-AB32A700FC5B}.Debug|Any CPU.ActiveCfg = Debug|Any CPU
		{EAEC64F2-4D83-497B-92E2-AB32A700FC5B}.Debug|Any CPU.Build.0 = Debug|Any CPU
		{EAEC64F2-4D83-497B-92E2-AB32A700FC5B}.Release|Any CPU.ActiveCfg = Release|Any CPU
		{EAEC64F2-4D83-497B-92E2-AB32A700FC5B}.Release|Any CPU.Build.0 = Release|Any CPU
	EndGlobalSection
	GlobalSection(SolutionProperties) = preSolution
		HideSolutionNode = FALSE
	EndGlobalSection
	GlobalSection(ExtensibilityGlobals) = postSolution
		SolutionGuid = {AE037A32-62EE-4693-BCB9-990750A944CF}
	EndGlobalSection
EndGlobal
